// !$*UTF8*$!
{
	archiveVersion = 1;
	classes = {
	};
	objectVersion = 46;
	objects = {

/* Begin PBXBuildFile section */
		443FAAE01888AEFC00CECE98 /* Foundation.framework in Frameworks */ = {isa = PBXBuildFile; fileRef = 446E3F9418888FA9003A3CCA /* Foundation.framework */; };
		443FAAE61888AEFC00CECE98 /* Cedar.framework in Frameworks */ = {isa = PBXBuildFile; fileRef = 443FAAE51888AEFC00CECE98 /* Cedar.framework */; };
		443FAAE81888AEFC00CECE98 /* main.m in Sources */ = {isa = PBXBuildFile; fileRef = 443FAAE71888AEFC00CECE98 /* main.m */; };
		446E3F9318888FA9003A3CCA /* AppKit.framework in Frameworks */ = {isa = PBXBuildFile; fileRef = 446E3F9218888FA9003A3CCA /* AppKit.framework */; };
		446E3F9518888FA9003A3CCA /* Foundation.framework in Frameworks */ = {isa = PBXBuildFile; fileRef = 446E3F9418888FA9003A3CCA /* Foundation.framework */; };
		446E3F9B18888FA9003A3CCA /* InfoPlist.strings in Resources */ = {isa = PBXBuildFile; fileRef = 446E3F9918888FA9003A3CCA /* InfoPlist.strings */; };
		446E3F9E18888FA9003A3CCA /* ExternalToolsPlugin.m in Sources */ = {isa = PBXBuildFile; fileRef = 446E3F9D18888FA9003A3CCA /* ExternalToolsPlugin.m */; };
		4523F025AD8B4C376C931E56 /* ETPConfigurationLoaderSpec.mm in Sources */ = {isa = PBXBuildFile; fileRef = 4523F7BF4C9B120C23646912 /* ETPConfigurationLoaderSpec.mm */; };
		4523F0B0A2071D04E41AFB62 /* ETPMenuConfigurator.m in Sources */ = {isa = PBXBuildFile; fileRef = 4523F8675E308EBDAB0D596F /* ETPMenuConfigurator.m */; };
		4523F1215E43DE2D316FEC89 /* ETPCommand.m in Sources */ = {isa = PBXBuildFile; fileRef = 4523F6F10AF52B9EC85BA5A2 /* ETPCommand.m */; };
		4523F2EFA8A9945BFDF2DF93 /* AppKit.framework in Frameworks */ = {isa = PBXBuildFile; fileRef = 446E3F9218888FA9003A3CCA /* AppKit.framework */; };
		4523F575B23B343D243D55EA /* ETPTool.m in Sources */ = {isa = PBXBuildFile; fileRef = 4523F515D8C9ED266F1583E0 /* ETPTool.m */; };
		4523F586F5D685259F2F5BC1 /* ETPMenuConfiguratorSpec.mm in Sources */ = {isa = PBXBuildFile; fileRef = 4523F4C8B1700C95A1B2075E /* ETPMenuConfiguratorSpec.mm */; };
		4523F62F99FC68BB19AD07BE /* ETPMenuConfigurator.m in Sources */ = {isa = PBXBuildFile; fileRef = 4523F8675E308EBDAB0D596F /* ETPMenuConfigurator.m */; };
		4523F660FEC2BCF9A4CB13BF /* ETPConfigSharedExamples.mm in Sources */ = {isa = PBXBuildFile; fileRef = 4523F826F934BEBC3440FF1F /* ETPConfigSharedExamples.mm */; };
		4523F66C21C4F931FE38F8F7 /* LogClient.m in Sources */ = {isa = PBXBuildFile; fileRef = 4523F8213771514D32500BBA /* LogClient.m */; };
		4523F6FF00C2D6EEAC3E34CA /* ETPConfig.m in Sources */ = {isa = PBXBuildFile; fileRef = 4523F419980BA6597B8F56D7 /* ETPConfig.m */; };
		4523F7D3B4BD5F4342C01DD3 /* ETPConfig.m in Sources */ = {isa = PBXBuildFile; fileRef = 4523F419980BA6597B8F56D7 /* ETPConfig.m */; };
		4523F829C321F4FFE3F08EA0 /* ETPCommand.m in Sources */ = {isa = PBXBuildFile; fileRef = 4523F6F10AF52B9EC85BA5A2 /* ETPCommand.m */; };
		4523F883E3A79A80B045BCD7 /* ETPKey.m in Sources */ = {isa = PBXBuildFile; fileRef = 4523FE2425180C53911628AB /* ETPKey.m */; };
		4523F96D5E2656C90168BAE1 /* config.json in Resources */ = {isa = PBXBuildFile; fileRef = 4523FA1FBE2F1A968D83AACF /* config.json */; };
		4523FA24300333AEC4B3F7D1 /* ETPTool.m in Sources */ = {isa = PBXBuildFile; fileRef = 4523F515D8C9ED266F1583E0 /* ETPTool.m */; };
		4523FAC930391D8A03ADC195 /* ETPConfigurationLoader.m in Sources */ = {isa = PBXBuildFile; fileRef = 4523F5230267C2F03B771097 /* ETPConfigurationLoader.m */; };
		4523FDC5B532CEB02CC33007 /* ExternalToolsPlugin.m in Sources */ = {isa = PBXBuildFile; fileRef = 446E3F9D18888FA9003A3CCA /* ExternalToolsPlugin.m */; };
		4523FEC4331B702B097D4824 /* ETPConfigSpec.mm in Sources */ = {isa = PBXBuildFile; fileRef = 4523F475FE05DF60773860FA /* ETPConfigSpec.mm */; };
		4523FF0DCEFA5C8E3973EB20 /* ExternalToolsPluginSpec.mm in Sources */ = {isa = PBXBuildFile; fileRef = 4523F4E04C2FFF3600CAE0BA /* ExternalToolsPluginSpec.mm */; };
		4523FF12E2340B6EDBEA6AEE /* ETPKey.m in Sources */ = {isa = PBXBuildFile; fileRef = 4523FE2425180C53911628AB /* ETPKey.m */; };
		4523FF1ADF71BD63EF7B6398 /* LogClient.m in Sources */ = {isa = PBXBuildFile; fileRef = 4523F8213771514D32500BBA /* LogClient.m */; };
/* End PBXBuildFile section */

/* Begin PBXFileReference section */
		443FAADF1888AEFC00CECE98 /* ExternalToolsPluginTests */ = {isa = PBXFileReference; explicitFileType = "compiled.mach-o.executable"; includeInIndex = 0; path = ExternalToolsPluginTests; sourceTree = BUILT_PRODUCTS_DIR; };
		443FAAE21888AEFC00CECE98 /* Rakefile */ = {isa = PBXFileReference; lastKnownFileType = text; path = Rakefile; sourceTree = "<group>"; };
		443FAAE41888AEFC00CECE98 /* ExternalToolsPluginTests-Prefix.pch */ = {isa = PBXFileReference; lastKnownFileType = sourcecode.c.h; path = "ExternalToolsPluginTests-Prefix.pch"; sourceTree = "<group>"; };
		443FAAE51888AEFC00CECE98 /* Cedar.framework */ = {isa = PBXFileReference; lastKnownFileType = wrapper.framework; name = Cedar.framework; path = Frameworks/Cedar.framework; sourceTree = "<group>"; };
		443FAAE71888AEFC00CECE98 /* main.m */ = {isa = PBXFileReference; lastKnownFileType = sourcecode.c.objc; path = main.m; sourceTree = "<group>"; };
		446E3F8F18888FA9003A3CCA /* ExternalToolsPlugin.xcplugin */ = {isa = PBXFileReference; explicitFileType = wrapper.cfbundle; includeInIndex = 0; path = ExternalToolsPlugin.xcplugin; sourceTree = BUILT_PRODUCTS_DIR; };
		446E3F9218888FA9003A3CCA /* AppKit.framework */ = {isa = PBXFileReference; lastKnownFileType = wrapper.framework; name = AppKit.framework; path = System/Library/Frameworks/AppKit.framework; sourceTree = SDKROOT; };
		446E3F9418888FA9003A3CCA /* Foundation.framework */ = {isa = PBXFileReference; lastKnownFileType = wrapper.framework; name = Foundation.framework; path = System/Library/Frameworks/Foundation.framework; sourceTree = SDKROOT; };
		446E3F9818888FA9003A3CCA /* ExternalToolsPlugin-Info.plist */ = {isa = PBXFileReference; lastKnownFileType = text.plist.xml; path = "ExternalToolsPlugin-Info.plist"; sourceTree = "<group>"; };
		446E3F9A18888FA9003A3CCA /* en */ = {isa = PBXFileReference; lastKnownFileType = text.plist.strings; name = en; path = en.lproj/InfoPlist.strings; sourceTree = "<group>"; };
		446E3F9C18888FA9003A3CCA /* ExternalToolsPlugin.h */ = {isa = PBXFileReference; lastKnownFileType = sourcecode.c.h; path = ExternalToolsPlugin.h; sourceTree = "<group>"; };
		446E3F9D18888FA9003A3CCA /* ExternalToolsPlugin.m */ = {isa = PBXFileReference; lastKnownFileType = sourcecode.c.objc; path = ExternalToolsPlugin.m; sourceTree = "<group>"; };
		446E3F9F18888FA9003A3CCA /* ExternalToolsPlugin-Prefix.pch */ = {isa = PBXFileReference; lastKnownFileType = sourcecode.c.h; path = "ExternalToolsPlugin-Prefix.pch"; sourceTree = "<group>"; };
		4523F0E7EB744715E37E2467 /* ETPMenuConfigurator.h */ = {isa = PBXFileReference; fileEncoding = 4; lastKnownFileType = sourcecode.c.h; path = ETPMenuConfigurator.h; sourceTree = "<group>"; };
		4523F2BC143F843BBDBE2962 /* ETPTool.h */ = {isa = PBXFileReference; fileEncoding = 4; lastKnownFileType = sourcecode.c.h; path = ETPTool.h; sourceTree = "<group>"; };
		4523F419980BA6597B8F56D7 /* ETPConfig.m */ = {isa = PBXFileReference; fileEncoding = 4; lastKnownFileType = sourcecode.c.objc; path = ETPConfig.m; sourceTree = "<group>"; };
		4523F423DDDB75CD71548A49 /* LogClient.h */ = {isa = PBXFileReference; fileEncoding = 4; lastKnownFileType = sourcecode.c.h; path = LogClient.h; sourceTree = "<group>"; };
		4523F475FE05DF60773860FA /* ETPConfigSpec.mm */ = {isa = PBXFileReference; fileEncoding = 4; lastKnownFileType = sourcecode.cpp.objcpp; path = ETPConfigSpec.mm; sourceTree = "<group>"; };
		4523F4C8B1700C95A1B2075E /* ETPMenuConfiguratorSpec.mm */ = {isa = PBXFileReference; fileEncoding = 4; lastKnownFileType = sourcecode.cpp.objcpp; path = ETPMenuConfiguratorSpec.mm; sourceTree = "<group>"; };
		4523F4E04C2FFF3600CAE0BA /* ExternalToolsPluginSpec.mm */ = {isa = PBXFileReference; fileEncoding = 4; lastKnownFileType = sourcecode.cpp.objcpp; path = ExternalToolsPluginSpec.mm; sourceTree = "<group>"; };
		4523F515D8C9ED266F1583E0 /* ETPTool.m */ = {isa = PBXFileReference; fileEncoding = 4; lastKnownFileType = sourcecode.c.objc; path = ETPTool.m; sourceTree = "<group>"; };
		4523F5230267C2F03B771097 /* ETPConfigurationLoader.m */ = {isa = PBXFileReference; fileEncoding = 4; lastKnownFileType = sourcecode.c.objc; path = ETPConfigurationLoader.m; sourceTree = "<group>"; };
		4523F6F10AF52B9EC85BA5A2 /* ETPCommand.m */ = {isa = PBXFileReference; fileEncoding = 4; lastKnownFileType = sourcecode.c.objc; path = ETPCommand.m; sourceTree = "<group>"; };
		4523F79209BDF067387828F8 /* ETPCommand.h */ = {isa = PBXFileReference; fileEncoding = 4; lastKnownFileType = sourcecode.c.h; path = ETPCommand.h; sourceTree = "<group>"; };
		4523F7BF4C9B120C23646912 /* ETPConfigurationLoaderSpec.mm */ = {isa = PBXFileReference; fileEncoding = 4; lastKnownFileType = sourcecode.cpp.objcpp; path = ETPConfigurationLoaderSpec.mm; sourceTree = "<group>"; };
		4523F8213771514D32500BBA /* LogClient.m */ = {isa = PBXFileReference; fileEncoding = 4; lastKnownFileType = sourcecode.c.objc; path = LogClient.m; sourceTree = "<group>"; };
		4523F826F934BEBC3440FF1F /* ETPConfigSharedExamples.mm */ = {isa = PBXFileReference; fileEncoding = 4; lastKnownFileType = sourcecode.cpp.objcpp; path = ETPConfigSharedExamples.mm; sourceTree = "<group>"; };
		4523F8675E308EBDAB0D596F /* ETPMenuConfigurator.m */ = {isa = PBXFileReference; fileEncoding = 4; lastKnownFileType = sourcecode.c.objc; path = ETPMenuConfigurator.m; sourceTree = "<group>"; };
		4523F97B6BDA644FB3A845C0 /* ETPKey.h */ = {isa = PBXFileReference; fileEncoding = 4; lastKnownFileType = sourcecode.c.h; path = ETPKey.h; sourceTree = "<group>"; };
		4523FA1FBE2F1A968D83AACF /* config.json */ = {isa = PBXFileReference; lastKnownFileType = file.json; path = config.json; sourceTree = "<group>"; };
		4523FA40BBD911DD677E0D07 /* ETPConfig.h */ = {isa = PBXFileReference; fileEncoding = 4; lastKnownFileType = sourcecode.c.h; path = ETPConfig.h; sourceTree = "<group>"; };
		4523FB962875E47118F6CA20 /* ETPConfigurationLoader.h */ = {isa = PBXFileReference; fileEncoding = 4; lastKnownFileType = sourcecode.c.h; path = ETPConfigurationLoader.h; sourceTree = "<group>"; };
		4523FE2425180C53911628AB /* ETPKey.m */ = {isa = PBXFileReference; fileEncoding = 4; lastKnownFileType = sourcecode.c.objc; path = ETPKey.m; sourceTree = "<group>"; };
/* End PBXFileReference section */

/* Begin PBXFrameworksBuildPhase section */
		443FAADD1888AEFC00CECE98 /* Frameworks */ = {
			isa = PBXFrameworksBuildPhase;
			buildActionMask = 2147483647;
			files = (
				443FAAE61888AEFC00CECE98 /* Cedar.framework in Frameworks */,
				443FAAE01888AEFC00CECE98 /* Foundation.framework in Frameworks */,
				4523F2EFA8A9945BFDF2DF93 /* AppKit.framework in Frameworks */,
			);
			runOnlyForDeploymentPostprocessing = 0;
		};
		446E3F8C18888FA9003A3CCA /* Frameworks */ = {
			isa = PBXFrameworksBuildPhase;
			buildActionMask = 2147483647;
			files = (
				446E3F9318888FA9003A3CCA /* AppKit.framework in Frameworks */,
				446E3F9518888FA9003A3CCA /* Foundation.framework in Frameworks */,
			);
			runOnlyForDeploymentPostprocessing = 0;
		};
/* End PBXFrameworksBuildPhase section */

/* Begin PBXGroup section */
		443FAAE11888AEFC00CECE98 /* ExternalToolsPluginTests */ = {
			isa = PBXGroup;
			children = (
				443FAAE21888AEFC00CECE98 /* Rakefile */,
				443FAAE51888AEFC00CECE98 /* Cedar.framework */,
				443FAAE71888AEFC00CECE98 /* main.m */,
				443FAAE31888AEFC00CECE98 /* Supporting Files */,
				4523F475FE05DF60773860FA /* ETPConfigSpec.mm */,
				4523F4E04C2FFF3600CAE0BA /* ExternalToolsPluginSpec.mm */,
				4523F7BF4C9B120C23646912 /* ETPConfigurationLoaderSpec.mm */,
				4523F826F934BEBC3440FF1F /* ETPConfigSharedExamples.mm */,
				4523F4C8B1700C95A1B2075E /* ETPMenuConfiguratorSpec.mm */,
			);
			path = ExternalToolsPluginTests;
			sourceTree = "<group>";
		};
		443FAAE31888AEFC00CECE98 /* Supporting Files */ = {
			isa = PBXGroup;
			children = (
				443FAAE41888AEFC00CECE98 /* ExternalToolsPluginTests-Prefix.pch */,
			);
			name = "Supporting Files";
			sourceTree = "<group>";
		};
		446E3F8618888FA9003A3CCA = {
			isa = PBXGroup;
			children = (
				446E3F9618888FA9003A3CCA /* ExternalToolsPlugin */,
				443FAAE11888AEFC00CECE98 /* ExternalToolsPluginTests */,
				446E3F9118888FA9003A3CCA /* Frameworks */,
				446E3F9018888FA9003A3CCA /* Products */,
			);
			sourceTree = "<group>";
		};
		446E3F9018888FA9003A3CCA /* Products */ = {
			isa = PBXGroup;
			children = (
				446E3F8F18888FA9003A3CCA /* ExternalToolsPlugin.xcplugin */,
				443FAADF1888AEFC00CECE98 /* ExternalToolsPluginTests */,
			);
			name = Products;
			sourceTree = "<group>";
		};
		446E3F9118888FA9003A3CCA /* Frameworks */ = {
			isa = PBXGroup;
			children = (
				446E3F9218888FA9003A3CCA /* AppKit.framework */,
				446E3F9418888FA9003A3CCA /* Foundation.framework */,
			);
			name = Frameworks;
			sourceTree = "<group>";
		};
		446E3F9618888FA9003A3CCA /* ExternalToolsPlugin */ = {
			isa = PBXGroup;
			children = (
				446E3F9C18888FA9003A3CCA /* ExternalToolsPlugin.h */,
				446E3F9D18888FA9003A3CCA /* ExternalToolsPlugin.m */,
				446E3F9718888FA9003A3CCA /* Supporting Files */,
				4523F9953A0F3CCC13062D0C /* PluginConsole */,
				4523F281BE21D98366E1912C /* Configuration */,
				4523F8F38C408B94A860830D /* Menu */,
			);
			path = ExternalToolsPlugin;
			sourceTree = "<group>";
		};
		446E3F9718888FA9003A3CCA /* Supporting Files */ = {
			isa = PBXGroup;
			children = (
				446E3F9818888FA9003A3CCA /* ExternalToolsPlugin-Info.plist */,
				446E3F9918888FA9003A3CCA /* InfoPlist.strings */,
				446E3F9F18888FA9003A3CCA /* ExternalToolsPlugin-Prefix.pch */,
			);
			name = "Supporting Files";
			sourceTree = "<group>";
		};
		4523F281BE21D98366E1912C /* Configuration */ = {
			isa = PBXGroup;
			children = (
				4523FA1FBE2F1A968D83AACF /* config.json */,
				4523F419980BA6597B8F56D7 /* ETPConfig.m */,
				4523FA40BBD911DD677E0D07 /* ETPConfig.h */,
				4523F515D8C9ED266F1583E0 /* ETPTool.m */,
				4523F2BC143F843BBDBE2962 /* ETPTool.h */,
				4523FE2425180C53911628AB /* ETPKey.m */,
				4523F97B6BDA644FB3A845C0 /* ETPKey.h */,
				4523F6F10AF52B9EC85BA5A2 /* ETPCommand.m */,
				4523F79209BDF067387828F8 /* ETPCommand.h */,
				4523F5230267C2F03B771097 /* ETPConfigurationLoader.m */,
				4523FB962875E47118F6CA20 /* ETPConfigurationLoader.h */,
			);
			path = Configuration;
			sourceTree = "<group>";
		};
		4523F8F38C408B94A860830D /* Menu */ = {
			isa = PBXGroup;
			children = (
				4523F0E7EB744715E37E2467 /* ETPMenuConfigurator.h */,
				4523F8675E308EBDAB0D596F /* ETPMenuConfigurator.m */,
			);
			path = Menu;
			sourceTree = "<group>";
		};
		4523F9953A0F3CCC13062D0C /* PluginConsole */ = {
			isa = PBXGroup;
			children = (
				4523FE5FCA7A9DE377A5655A /* Client */,
			);
			path = PluginConsole;
			sourceTree = "<group>";
		};
		4523FE5FCA7A9DE377A5655A /* Client */ = {
			isa = PBXGroup;
			children = (
				4523F423DDDB75CD71548A49 /* LogClient.h */,
				4523F8213771514D32500BBA /* LogClient.m */,
			);
			path = Client;
			sourceTree = "<group>";
		};
/* End PBXGroup section */

/* Begin PBXNativeTarget section */
		443FAADE1888AEFC00CECE98 /* ExternalToolsPluginTests */ = {
			isa = PBXNativeTarget;
			buildConfigurationList = 443FAAED1888AEFC00CECE98 /* Build configuration list for PBXNativeTarget "ExternalToolsPluginTests" */;
			buildPhases = (
				443FAADB1888AEFC00CECE98 /* ShellScript */,
				443FAADC1888AEFC00CECE98 /* Sources */,
				443FAADD1888AEFC00CECE98 /* Frameworks */,
			);
			buildRules = (
			);
			dependencies = (
			);
			name = ExternalToolsPluginTests;
			productName = ExternalToolsPluginTests;
			productReference = 443FAADF1888AEFC00CECE98 /* ExternalToolsPluginTests */;
			productType = "com.apple.product-type.tool";
		};
		446E3F8E18888FA9003A3CCA /* ExternalToolsPlugin */ = {
			isa = PBXNativeTarget;
			buildConfigurationList = 446E3FA218888FA9003A3CCA /* Build configuration list for PBXNativeTarget "ExternalToolsPlugin" */;
			buildPhases = (
				446E3F8B18888FA9003A3CCA /* Sources */,
				446E3F8C18888FA9003A3CCA /* Frameworks */,
				446E3F8D18888FA9003A3CCA /* Resources */,
			);
			buildRules = (
			);
			dependencies = (
			);
			name = ExternalToolsPlugin;
			productName = ExternalToolsPlugin;
			productReference = 446E3F8F18888FA9003A3CCA /* ExternalToolsPlugin.xcplugin */;
			productType = "com.apple.product-type.bundle";
		};
/* End PBXNativeTarget section */

/* Begin PBXProject section */
		446E3F8718888FA9003A3CCA /* Project object */ = {
			isa = PBXProject;
			attributes = {
				LastUpgradeCheck = 0500;
				ORGANIZATIONNAME = Stanfy;
			};
			buildConfigurationList = 446E3F8A18888FA9003A3CCA /* Build configuration list for PBXProject "ExternalToolsPlugin" */;
			compatibilityVersion = "Xcode 3.2";
			developmentRegion = English;
			hasScannedForEncodings = 0;
			knownRegions = (
				en,
			);
			mainGroup = 446E3F8618888FA9003A3CCA;
			productRefGroup = 446E3F9018888FA9003A3CCA /* Products */;
			projectDirPath = "";
			projectRoot = "";
			targets = (
				446E3F8E18888FA9003A3CCA /* ExternalToolsPlugin */,
				443FAADE1888AEFC00CECE98 /* ExternalToolsPluginTests */,
			);
		};
/* End PBXProject section */

/* Begin PBXResourcesBuildPhase section */
		446E3F8D18888FA9003A3CCA /* Resources */ = {
			isa = PBXResourcesBuildPhase;
			buildActionMask = 2147483647;
			files = (
				446E3F9B18888FA9003A3CCA /* InfoPlist.strings in Resources */,
				4523F96D5E2656C90168BAE1 /* config.json in Resources */,
			);
			runOnlyForDeploymentPostprocessing = 0;
		};
/* End PBXResourcesBuildPhase section */

/* Begin PBXShellScriptBuildPhase section */
		443FAADB1888AEFC00CECE98 /* ShellScript */ = {
			isa = PBXShellScriptBuildPhase;
			buildActionMask = 2147483647;
			files = (
			);
			inputPaths = (
			);
			outputPaths = (
			);
			runOnlyForDeploymentPostprocessing = 0;
			shellPath = /bin/sh;
			shellScript = "cp -R \"${TARGET_NAME}\"/Frameworks/Cedar.framework \"${BUILT_PRODUCTS_DIR}\"";
		};
/* End PBXShellScriptBuildPhase section */

/* Begin PBXSourcesBuildPhase section */
		443FAADC1888AEFC00CECE98 /* Sources */ = {
			isa = PBXSourcesBuildPhase;
			buildActionMask = 2147483647;
			files = (
				443FAAE81888AEFC00CECE98 /* main.m in Sources */,
				4523FEC4331B702B097D4824 /* ETPConfigSpec.mm in Sources */,
				4523F7D3B4BD5F4342C01DD3 /* ETPConfig.m in Sources */,
				4523FA24300333AEC4B3F7D1 /* ETPTool.m in Sources */,
				4523F829C321F4FFE3F08EA0 /* ETPCommand.m in Sources */,
				4523FF12E2340B6EDBEA6AEE /* ETPKey.m in Sources */,
				4523FF0DCEFA5C8E3973EB20 /* ExternalToolsPluginSpec.mm in Sources */,
				4523FAC930391D8A03ADC195 /* ETPConfigurationLoader.m in Sources */,
				4523F025AD8B4C376C931E56 /* ETPConfigurationLoaderSpec.mm in Sources */,
				4523FDC5B532CEB02CC33007 /* ExternalToolsPlugin.m in Sources */,
				4523F66C21C4F931FE38F8F7 /* LogClient.m in Sources */,
				4523F660FEC2BCF9A4CB13BF /* ETPConfigSharedExamples.mm in Sources */,
				4523F586F5D685259F2F5BC1 /* ETPMenuConfiguratorSpec.mm in Sources */,
				4523F62F99FC68BB19AD07BE /* ETPMenuConfigurator.m in Sources */,
			);
			runOnlyForDeploymentPostprocessing = 0;
		};
		446E3F8B18888FA9003A3CCA /* Sources */ = {
			isa = PBXSourcesBuildPhase;
			buildActionMask = 2147483647;
			files = (
				446E3F9E18888FA9003A3CCA /* ExternalToolsPlugin.m in Sources */,
				4523FF1ADF71BD63EF7B6398 /* LogClient.m in Sources */,
				4523F6FF00C2D6EEAC3E34CA /* ETPConfig.m in Sources */,
				4523F575B23B343D243D55EA /* ETPTool.m in Sources */,
				4523F883E3A79A80B045BCD7 /* ETPKey.m in Sources */,
				4523F1215E43DE2D316FEC89 /* ETPCommand.m in Sources */,
				4523F0B0A2071D04E41AFB62 /* ETPMenuConfigurator.m in Sources */,
			);
			runOnlyForDeploymentPostprocessing = 0;
		};
/* End PBXSourcesBuildPhase section */

/* Begin PBXVariantGroup section */
		446E3F9918888FA9003A3CCA /* InfoPlist.strings */ = {
			isa = PBXVariantGroup;
			children = (
				446E3F9A18888FA9003A3CCA /* en */,
			);
			name = InfoPlist.strings;
			sourceTree = "<group>";
		};
/* End PBXVariantGroup section */

/* Begin XCBuildConfiguration section */
		443FAAEB1888AEFC00CECE98 /* Debug */ = {
			isa = XCBuildConfiguration;
			buildSettings = {
				FRAMEWORK_SEARCH_PATHS = (
					"$(inherited)",
					"/Volumes/DATA/Projects/Work/xcode-external-tools-plugin/ExternalToolsPlugin/ExternalToolsPluginTests/Frameworks",
				);
				GCC_PRECOMPILE_PREFIX_HEADER = YES;
				GCC_PREFIX_HEADER = "ExternalToolsPluginTests/ExternalToolsPluginTests-Prefix.pch";
				GCC_PREPROCESSOR_DEFINITIONS = (
					"DEBUG=1",
					"$(inherited)",
				);
				PRODUCT_NAME = "$(TARGET_NAME)";
			};
			name = Debug;
		};
		443FAAEC1888AEFC00CECE98 /* Release */ = {
			isa = XCBuildConfiguration;
			buildSettings = {
				FRAMEWORK_SEARCH_PATHS = (
					"$(inherited)",
					"/Volumes/DATA/Projects/Work/xcode-external-tools-plugin/ExternalToolsPlugin/ExternalToolsPluginTests/Frameworks",
				);
				GCC_PRECOMPILE_PREFIX_HEADER = YES;
				GCC_PREFIX_HEADER = "ExternalToolsPluginTests/ExternalToolsPluginTests-Prefix.pch";
				PRODUCT_NAME = "$(TARGET_NAME)";
			};
			name = Release;
		};
		446E3FA018888FA9003A3CCA /* Debug */ = {
			isa = XCBuildConfiguration;
			buildSettings = {
				ALWAYS_SEARCH_USER_PATHS = NO;
				CLANG_CXX_LANGUAGE_STANDARD = "gnu++0x";
				CLANG_CXX_LIBRARY = "libc++";
				CLANG_ENABLE_OBJC_ARC = YES;
				CLANG_WARN_BOOL_CONVERSION = YES;
				CLANG_WARN_CONSTANT_CONVERSION = YES;
				CLANG_WARN_DIRECT_OBJC_ISA_USAGE = YES_ERROR;
				CLANG_WARN_EMPTY_BODY = YES;
				CLANG_WARN_ENUM_CONVERSION = YES;
				CLANG_WARN_INT_CONVERSION = YES;
				CLANG_WARN_OBJC_ROOT_CLASS = YES_ERROR;
				CLANG_WARN__DUPLICATE_METHOD_MATCH = YES;
				COPY_PHASE_STRIP = NO;
				GCC_C_LANGUAGE_STANDARD = gnu99;
				GCC_DYNAMIC_NO_PIC = NO;
				GCC_ENABLE_OBJC_EXCEPTIONS = YES;
				GCC_OPTIMIZATION_LEVEL = 0;
				GCC_PREPROCESSOR_DEFINITIONS = (
					"DEBUG=1",
					"$(inherited)",
				);
				GCC_SYMBOLS_PRIVATE_EXTERN = NO;
				GCC_WARN_64_TO_32_BIT_CONVERSION = YES;
				GCC_WARN_ABOUT_RETURN_TYPE = YES_ERROR;
				GCC_WARN_UNDECLARED_SELECTOR = YES;
				GCC_WARN_UNINITIALIZED_AUTOS = YES;
				GCC_WARN_UNUSED_FUNCTION = YES;
				GCC_WARN_UNUSED_VARIABLE = YES;
				MACOSX_DEPLOYMENT_TARGET = 10.9;
				ONLY_ACTIVE_ARCH = YES;
				SDKROOT = macosx;
			};
			name = Debug;
		};
		446E3FA118888FA9003A3CCA /* Release */ = {
			isa = XCBuildConfiguration;
			buildSettings = {
				ALWAYS_SEARCH_USER_PATHS = NO;
				CLANG_CXX_LANGUAGE_STANDARD = "gnu++0x";
				CLANG_CXX_LIBRARY = "libc++";
				CLANG_ENABLE_OBJC_ARC = YES;
				CLANG_WARN_BOOL_CONVERSION = YES;
				CLANG_WARN_CONSTANT_CONVERSION = YES;
				CLANG_WARN_DIRECT_OBJC_ISA_USAGE = YES_ERROR;
				CLANG_WARN_EMPTY_BODY = YES;
				CLANG_WARN_ENUM_CONVERSION = YES;
				CLANG_WARN_INT_CONVERSION = YES;
				CLANG_WARN_OBJC_ROOT_CLASS = YES_ERROR;
				CLANG_WARN__DUPLICATE_METHOD_MATCH = YES;
				COPY_PHASE_STRIP = YES;
				DEBUG_INFORMATION_FORMAT = "dwarf-with-dsym";
				ENABLE_NS_ASSERTIONS = NO;
				GCC_C_LANGUAGE_STANDARD = gnu99;
				GCC_ENABLE_OBJC_EXCEPTIONS = YES;
				GCC_WARN_64_TO_32_BIT_CONVERSION = YES;
				GCC_WARN_ABOUT_RETURN_TYPE = YES_ERROR;
				GCC_WARN_UNDECLARED_SELECTOR = YES;
				GCC_WARN_UNINITIALIZED_AUTOS = YES;
				GCC_WARN_UNUSED_FUNCTION = YES;
				GCC_WARN_UNUSED_VARIABLE = YES;
				MACOSX_DEPLOYMENT_TARGET = 10.9;
				SDKROOT = macosx;
			};
			name = Release;
		};
		446E3FA318888FA9003A3CCA /* Debug */ = {
			isa = XCBuildConfiguration;
			buildSettings = {
				COMBINE_HIDPI_IMAGES = YES;
				DEPLOYMENT_LOCATION = YES;
				DSTROOT = "$(HOME)";
				GCC_PRECOMPILE_PREFIX_HEADER = YES;
				GCC_PREFIX_HEADER = "ExternalToolsPlugin/ExternalToolsPlugin-Prefix.pch";
				INFOPLIST_FILE = "ExternalToolsPlugin/ExternalToolsPlugin-Info.plist";
				INSTALL_PATH = "/Library/Application Support/Developer/Shared/Xcode/Plug-ins";
				PRODUCT_NAME = "$(TARGET_NAME)";
				WRAPPER_EXTENSION = xcplugin;
			};
			name = Debug;
		};
		446E3FA418888FA9003A3CCA /* Release */ = {
			isa = XCBuildConfiguration;
			buildSettings = {
				COMBINE_HIDPI_IMAGES = YES;
				DEPLOYMENT_LOCATION = YES;
				DSTROOT = "$(HOME)";
				GCC_PRECOMPILE_PREFIX_HEADER = YES;
				GCC_PREFIX_HEADER = "ExternalToolsPlugin/ExternalToolsPlugin-Prefix.pch";
				INFOPLIST_FILE = "ExternalToolsPlugin/ExternalToolsPlugin-Info.plist";
				INSTALL_PATH = "/Library/Application Support/Developer/Shared/Xcode/Plug-ins";
				PRODUCT_NAME = "$(TARGET_NAME)";
				WRAPPER_EXTENSION = xcplugin;
			};
			name = Release;
		};
/* End XCBuildConfiguration section */

/* Begin XCConfigurationList section */
		443FAAED1888AEFC00CECE98 /* Build configuration list for PBXNativeTarget "ExternalToolsPluginTests" */ = {
			isa = XCConfigurationList;
			buildConfigurations = (
				443FAAEB1888AEFC00CECE98 /* Debug */,
				443FAAEC1888AEFC00CECE98 /* Release */,
			);
			defaultConfigurationIsVisible = 0;
		};
		446E3F8A18888FA9003A3CCA /* Build configuration list for PBXProject "ExternalToolsPlugin" */ = {
			isa = XCConfigurationList;
			buildConfigurations = (
				446E3FA018888FA9003A3CCA /* Debug */,
				446E3FA118888FA9003A3CCA /* Release */,
			);
			defaultConfigurationIsVisible = 0;
			defaultConfigurationName = Release;
		};
		446E3FA218888FA9003A3CCA /* Build configuration list for PBXNativeTarget "ExternalToolsPlugin" */ = {
			isa = XCConfigurationList;
			buildConfigurations = (
				446E3FA318888FA9003A3CCA /* Debug */,
				446E3FA418888FA9003A3CCA /* Release */,
			);
			defaultConfigurationIsVisible = 0;
			defaultConfigurationName = Release;
		};
/* End XCConfigurationList section */
	};
	rootObject = 446E3F8718888FA9003A3CCA /* Project object */;
}
